
Microsoft Visual Studio Solution File, Format Version 12.00
# Visual Studio Version 16
VisualStudioVersion = 16.0.29009.5
MinimumVisualStudioVersion = 10.0.40219.1
Project("{FAE04EC0-301F-11D3-BF4B-00C04F79EFBC}") = "LifeCycleDevEnvironmentConsole", "LifeCycleDevEnvironmentConsole\LifeCycleDevEnvironmentConsole.csproj", "{7BB182DF-89EA-4DD7-8653-DDEB40F28E62}"
EndProject
Project("{FAE04EC0-301F-11D3-BF4B-00C04F79EFBC}") = "LifeCycleWorkflowBackend", "LifeCycleWorkflowBackend\LifeCycleWorkflowBackend.csproj", "{A25482B5-535E-4E19-928F-D72C953BE833}"
EndProject
Project("{FAE04EC0-301F-11D3-BF4B-00C04F79EFBC}") = "LifeCycleWorkflowFrontEnd", "LifeCycleWorkflowFrontEnd\LifeCycleWorkflowFrontEnd.csproj", "{8159ADEC-7E47-48CC-A796-598FFC9306C5}"
EndProject
Global
	GlobalSection(SolutionConfigurationPlatforms) = preSolution
		Debug|Any CPU = Debug|Any CPU
		Release|Any CPU = Release|Any CPU
	EndGlobalSection
	GlobalSection(ProjectConfigurationPlatforms) = postSolution
		{7BB182DF-89EA-4DD7-8653-DDEB40F28E62}.Debug|Any CPU.ActiveCfg = Debug|Any CPU
		{7BB182DF-89EA-4DD7-8653-DDEB40F28E62}.Debug|Any CPU.Build.0 = Debug|Any CPU
		{7BB182DF-89EA-4DD7-8653-DDEB40F28E62}.Release|Any CPU.ActiveCfg = Release|Any CPU
		{7BB182DF-89EA-4DD7-8653-DDEB40F28E62}.Release|Any CPU.Build.0 = Release|Any CPU
		{A25482B5-535E-4E19-928F-D72C953BE833}.Debug|Any CPU.ActiveCfg = Debug|Any CPU
		{A25482B5-535E-4E19-928F-D72C953BE833}.Debug|Any CPU.Build.0 = Debug|Any CPU
		{A25482B5-535E-4E19-928F-D72C953BE833}.Release|Any CPU.ActiveCfg = Release|Any CPU
		{A25482B5-535E-4E19-928F-D72C953BE833}.Release|Any CPU.Build.0 = Release|Any CPU
		{8159ADEC-7E47-48CC-A796-598FFC9306C5}.Debug|Any CPU.ActiveCfg = Debug|Any CPU
		{8159ADEC-7E47-48CC-A796-598FFC9306C5}.Debug|Any CPU.Build.0 = Debug|Any CPU
		{8159ADEC-7E47-48CC-A796-598FFC9306C5}.Release|Any CPU.ActiveCfg = Release|Any CPU
		{8159ADEC-7E47-48CC-A796-598FFC9306C5}.Release|Any CPU.Build.0 = Release|Any CPU
	EndGlobalSection
	GlobalSection(SolutionProperties) = preSolution
		HideSolutionNode = FALSE
	EndGlobalSection
	GlobalSection(ExtensibilityGlobals) = postSolution
		SolutionGuid = {AC1ADACD-BCED-43E1-B1DC-DA7D90FDAE63}
	EndGlobalSection
EndGlobal
