
Microsoft Visual Studio Solution File, Format Version 12.00
# Visual Studio Version 16
VisualStudioVersion = 16.0.29009.5
MinimumVisualStudioVersion = 10.0.40219.1
Project("{FAE04EC0-301F-11D3-BF4B-00C04F79EFBC}") = "LifeCycleWorkflowUI", "LifeCycleWorkflowTool\LifeCycleWorkflowUI.csproj", "{BD65DC7A-005A-450B-8BE7-ECB1F5678DFF}"
EndProject
Project("{FAE04EC0-301F-11D3-BF4B-00C04F79EFBC}") = "LifeCycleWorkflowLibrary", "LifeCycleWorkflowLibrary\LifeCycleWorkflowLibrary.csproj", "{455EDD45-9B44-471B-839A-2A5DC251EE71}"
EndProject
Project("{2150E333-8FDC-42A3-9474-1A3956D46DE8}") = "CopyOfTemplates", "CopyOfTemplates", "{FB0A9648-8D53-4B9A-8695-E639FEEACA64}"
	ProjectSection(SolutionItems) = preProject
		CopyOfTemplates\BAY_DailyWorkflow_Template.xlsm = CopyOfTemplates\BAY_DailyWorkflow_Template.xlsm
		CopyOfTemplates\Workflow_Report_BAY.xlsx = CopyOfTemplates\Workflow_Report_BAY.xlsx
	EndProjectSection
EndProject
Global
	GlobalSection(SolutionConfigurationPlatforms) = preSolution
		Debug|Any CPU = Debug|Any CPU
		Release|Any CPU = Release|Any CPU
	EndGlobalSection
	GlobalSection(ProjectConfigurationPlatforms) = postSolution
		{BD65DC7A-005A-450B-8BE7-ECB1F5678DFF}.Debug|Any CPU.ActiveCfg = Debug|Any CPU
		{BD65DC7A-005A-450B-8BE7-ECB1F5678DFF}.Debug|Any CPU.Build.0 = Debug|Any CPU
		{BD65DC7A-005A-450B-8BE7-ECB1F5678DFF}.Release|Any CPU.ActiveCfg = Release|Any CPU
		{BD65DC7A-005A-450B-8BE7-ECB1F5678DFF}.Release|Any CPU.Build.0 = Release|Any CPU
		{455EDD45-9B44-471B-839A-2A5DC251EE71}.Debug|Any CPU.ActiveCfg = Debug|Any CPU
		{455EDD45-9B44-471B-839A-2A5DC251EE71}.Debug|Any CPU.Build.0 = Debug|Any CPU
		{455EDD45-9B44-471B-839A-2A5DC251EE71}.Release|Any CPU.ActiveCfg = Release|Any CPU
		{455EDD45-9B44-471B-839A-2A5DC251EE71}.Release|Any CPU.Build.0 = Release|Any CPU
	EndGlobalSection
	GlobalSection(SolutionProperties) = preSolution
		HideSolutionNode = FALSE
	EndGlobalSection
	GlobalSection(ExtensibilityGlobals) = postSolution
		SolutionGuid = {AC1ADACD-BCED-43E1-B1DC-DA7D90FDAE63}
	EndGlobalSection
EndGlobal
